// !$*UTF8*$!
{
	archiveVersion = 1;
	classes = {
	};
	objectVersion = 46;
	objects = {

/* Begin PBXBuildFile section */
		49E0C4371C2AA1DF001DF3F0 /* main.m in Sources */ = {isa = PBXBuildFile; fileRef = 49E0C4361C2AA1DF001DF3F0 /* main.m */; };
		49E0C43A1C2AA1DF001DF3F0 /* AppDelegate.m in Sources */ = {isa = PBXBuildFile; fileRef = 49E0C4391C2AA1DF001DF3F0 /* AppDelegate.m */; };
		49E0C43D1C2AA1DF001DF3F0 /* ViewController.m in Sources */ = {isa = PBXBuildFile; fileRef = 49E0C43C1C2AA1DF001DF3F0 /* ViewController.m */; };
		49E0C4401C2AA1DF001DF3F0 /* Main.storyboard in Resources */ = {isa = PBXBuildFile; fileRef = 49E0C43E1C2AA1DF001DF3F0 /* Main.storyboard */; };
		49E0C4421C2AA1DF001DF3F0 /* Assets.xcassets in Resources */ = {isa = PBXBuildFile; fileRef = 49E0C4411C2AA1DF001DF3F0 /* Assets.xcassets */; };
		49E0C4451C2AA1DF001DF3F0 /* LaunchScreen.storyboard in Resources */ = {isa = PBXBuildFile; fileRef = 49E0C4431C2AA1DF001DF3F0 /* LaunchScreen.storyboard */; };
		49E0C4501C2AA1E0001DF3F0 /* UI09_________Tests.m in Sources */ = {isa = PBXBuildFile; fileRef = 49E0C44F1C2AA1E0001DF3F0 /* UI09_________Tests.m */; };
		49E0C45B1C2AA1E0001DF3F0 /* UI09_________UITests.m in Sources */ = {isa = PBXBuildFile; fileRef = 49E0C45A1C2AA1E0001DF3F0 /* UI09_________UITests.m */; };
		49E0C46C1C2AA22E001DF3F0 /* SecondController.m in Sources */ = {isa = PBXBuildFile; fileRef = 49E0C46B1C2AA22E001DF3F0 /* SecondController.m */; };
/* End PBXBuildFile section */

/* Begin PBXContainerItemProxy section */
		49E0C44C1C2AA1E0001DF3F0 /* PBXContainerItemProxy */ = {
			isa = PBXContainerItemProxy;
			containerPortal = 49E0C42A1C2AA1DF001DF3F0 /* Project object */;
			proxyType = 1;
			remoteGlobalIDString = 49E0C4311C2AA1DF001DF3F0;
			remoteInfo = "UI09_属性传值_晚作业";
		};
		49E0C4571C2AA1E0001DF3F0 /* PBXContainerItemProxy */ = {
			isa = PBXContainerItemProxy;
			containerPortal = 49E0C42A1C2AA1DF001DF3F0 /* Project object */;
			proxyType = 1;
			remoteGlobalIDString = 49E0C4311C2AA1DF001DF3F0;
			remoteInfo = "UI09_属性传值_晚作业";
		};
/* End PBXContainerItemProxy section */

/* Begin PBXFileReference section */
		49E0C4321C2AA1DF001DF3F0 /* UI09_属性传值_晚作业.app */ = {isa = PBXFileReference; explicitFileType = wrapper.application; includeInIndex = 0; path = "UI09_属性传值_晚作业.app"; sourceTree = BUILT_PRODUCTS_DIR; };
		49E0C4361C2AA1DF001DF3F0 /* main.m */ = {isa = PBXFileReference; lastKnownFileType = sourcecode.c.objc; path = main.m; sourceTree = "<group>"; };
		49E0C4381C2AA1DF001DF3F0 /* AppDelegate.h */ = {isa = PBXFileReference; lastKnownFileType = sourcecode.c.h; path = AppDelegate.h; sourceTree = "<group>"; };
		49E0C4391C2AA1DF001DF3F0 /* AppDelegate.m */ = {isa = PBXFileReference; lastKnownFileType = sourcecode.c.objc; path = AppDelegate.m; sourceTree = "<group>"; };
		49E0C43B1C2AA1DF001DF3F0 /* ViewController.h */ = {isa = PBXFileReference; lastKnownFileType = sourcecode.c.h; path = ViewController.h; sourceTree = "<group>"; };
		49E0C43C1C2AA1DF001DF3F0 /* ViewController.m */ = {isa = PBXFileReference; lastKnownFileType = sourcecode.c.objc; path = ViewController.m; sourceTree = "<group>"; };
		49E0C43F1C2AA1DF001DF3F0 /* Base */ = {isa = PBXFileReference; lastKnownFileType = file.storyboard; name = Base; path = Base.lproj/Main.storyboard; sourceTree = "<group>"; };
		49E0C4411C2AA1DF001DF3F0 /* Assets.xcassets */ = {isa = PBXFileReference; lastKnownFileType = folder.assetcatalog; path = Assets.xcassets; sourceTree = "<group>"; };
		49E0C4441C2AA1DF001DF3F0 /* Base */ = {isa = PBXFileReference; lastKnownFileType = file.storyboard; name = Base; path = Base.lproj/LaunchScreen.storyboard; sourceTree = "<group>"; };
		49E0C4461C2AA1DF001DF3F0 /* Info.plist */ = {isa = PBXFileReference; lastKnownFileType = text.plist.xml; path = Info.plist; sourceTree = "<group>"; };
		49E0C44B1C2AA1E0001DF3F0 /* UI09_属性传值_晚作业Tests.xctest */ = {isa = PBXFileReference; explicitFileType = wrapper.cfbundle; includeInIndex = 0; path = "UI09_属性传值_晚作业Tests.xctest"; sourceTree = BUILT_PRODUCTS_DIR; };
		49E0C44F1C2AA1E0001DF3F0 /* UI09_________Tests.m */ = {isa = PBXFileReference; lastKnownFileType = sourcecode.c.objc; path = "UI09_________Tests.m"; sourceTree = "<group>"; };
		49E0C4511C2AA1E0001DF3F0 /* Info.plist */ = {isa = PBXFileReference; lastKnownFileType = text.plist.xml; path = Info.plist; sourceTree = "<group>"; };
		49E0C4561C2AA1E0001DF3F0 /* UI09_属性传值_晚作业UITests.xctest */ = {isa = PBXFileReference; explicitFileType = wrapper.cfbundle; includeInIndex = 0; path = "UI09_属性传值_晚作业UITests.xctest"; sourceTree = BUILT_PRODUCTS_DIR; };
		49E0C45A1C2AA1E0001DF3F0 /* UI09_________UITests.m */ = {isa = PBXFileReference; lastKnownFileType = sourcecode.c.objc; path = "UI09_________UITests.m"; sourceTree = "<group>"; };
		49E0C45C1C2AA1E0001DF3F0 /* Info.plist */ = {isa = PBXFileReference; lastKnownFileType = text.plist.xml; path = Info.plist; sourceTree = "<group>"; };
		49E0C46A1C2AA22E001DF3F0 /* SecondController.h */ = {isa = PBXFileReference; fileEncoding = 4; lastKnownFileType = sourcecode.c.h; path = SecondController.h; sourceTree = "<group>"; };
		49E0C46B1C2AA22E001DF3F0 /* SecondController.m */ = {isa = PBXFileReference; fileEncoding = 4; lastKnownFileType = sourcecode.c.objc; path = SecondController.m; sourceTree = "<group>"; };
/* End PBXFileReference section */

/* Begin PBXFrameworksBuildPhase section */
		49E0C42F1C2AA1DF001DF3F0 /* Frameworks */ = {
			isa = PBXFrameworksBuildPhase;
			buildActionMask = 2147483647;
			files = (
			);
			runOnlyForDeploymentPostprocessing = 0;
		};
		49E0C4481C2AA1E0001DF3F0 /* Frameworks */ = {
			isa = PBXFrameworksBuildPhase;
			buildActionMask = 2147483647;
			files = (
			);
			runOnlyForDeploymentPostprocessing = 0;
		};
		49E0C4531C2AA1E0001DF3F0 /* Frameworks */ = {
			isa = PBXFrameworksBuildPhase;
			buildActionMask = 2147483647;
			files = (
			);
			runOnlyForDeploymentPostprocessing = 0;
		};
/* End PBXFrameworksBuildPhase section */

/* Begin PBXGroup section */
		49E0C4291C2AA1DF001DF3F0 = {
			isa = PBXGroup;
			children = (
				49E0C4341C2AA1DF001DF3F0 /* UI09_属性传值_晚作业 */,
				49E0C44E1C2AA1E0001DF3F0 /* UI09_属性传值_晚作业Tests */,
				49E0C4591C2AA1E0001DF3F0 /* UI09_属性传值_晚作业UITests */,
				49E0C4331C2AA1DF001DF3F0 /* Products */,
			);
			sourceTree = "<group>";
		};
		49E0C4331C2AA1DF001DF3F0 /* Products */ = {
			isa = PBXGroup;
			children = (
				49E0C4321C2AA1DF001DF3F0 /* UI09_属性传值_晚作业.app */,
				49E0C44B1C2AA1E0001DF3F0 /* UI09_属性传值_晚作业Tests.xctest */,
				49E0C4561C2AA1E0001DF3F0 /* UI09_属性传值_晚作业UITests.xctest */,
			);
			name = Products;
			sourceTree = "<group>";
		};
		49E0C4341C2AA1DF001DF3F0 /* UI09_属性传值_晚作业 */ = {
			isa = PBXGroup;
			children = (
				49E0C4381C2AA1DF001DF3F0 /* AppDelegate.h */,
				49E0C4391C2AA1DF001DF3F0 /* AppDelegate.m */,
				49E0C4691C2AA205001DF3F0 /* pag1 */,
				49E0C46E1C2AA23D001DF3F0 /* pag2 */,
				49E0C4431C2AA1DF001DF3F0 /* LaunchScreen.storyboard */,
				49E0C43E1C2AA1DF001DF3F0 /* Main.storyboard */,
				49E0C4411C2AA1DF001DF3F0 /* Assets.xcassets */,
				49E0C4461C2AA1DF001DF3F0 /* Info.plist */,
				49E0C4351C2AA1DF001DF3F0 /* Supporting Files */,
			);
			path = "UI09_属性传值_晚作业";
			sourceTree = "<group>";
		};
		49E0C4351C2AA1DF001DF3F0 /* Supporting Files */ = {
			isa = PBXGroup;
			children = (
				49E0C4361C2AA1DF001DF3F0 /* main.m */,
			);
			name = "Supporting Files";
			sourceTree = "<group>";
		};
		49E0C44E1C2AA1E0001DF3F0 /* UI09_属性传值_晚作业Tests */ = {
			isa = PBXGroup;
			children = (
				49E0C44F1C2AA1E0001DF3F0 /* UI09_________Tests.m */,
				49E0C4511C2AA1E0001DF3F0 /* Info.plist */,
			);
			path = "UI09_属性传值_晚作业Tests";
			sourceTree = "<group>";
		};
		49E0C4591C2AA1E0001DF3F0 /* UI09_属性传值_晚作业UITests */ = {
			isa = PBXGroup;
			children = (
				49E0C45A1C2AA1E0001DF3F0 /* UI09_________UITests.m */,
				49E0C45C1C2AA1E0001DF3F0 /* Info.plist */,
			);
			path = "UI09_属性传值_晚作业UITests";
			sourceTree = "<group>";
		};
		49E0C4681C2AA1F6001DF3F0 /* controller */ = {
			isa = PBXGroup;
			children = (
				49E0C43B1C2AA1DF001DF3F0 /* ViewController.h */,
				49E0C43C1C2AA1DF001DF3F0 /* ViewController.m */,
			);
			name = controller;
			sourceTree = "<group>";
		};
		49E0C4691C2AA205001DF3F0 /* pag1 */ = {
			isa = PBXGroup;
			children = (
				49E0C4681C2AA1F6001DF3F0 /* controller */,
			);
			name = pag1;
			sourceTree = "<group>";
		};
		49E0C46D1C2AA233001DF3F0 /* controller */ = {
			isa = PBXGroup;
			children = (
				49E0C46A1C2AA22E001DF3F0 /* SecondController.h */,
				49E0C46B1C2AA22E001DF3F0 /* SecondController.m */,
			);
			name = controller;
			sourceTree = "<group>";
		};
		49E0C46E1C2AA23D001DF3F0 /* pag2 */ = {
			isa = PBXGroup;
			children = (
				49E0C46D1C2AA233001DF3F0 /* controller */,
			);
			name = pag2;
			sourceTree = "<group>";
		};
/* End PBXGroup section */

/* Begin PBXNativeTarget section */
		49E0C4311C2AA1DF001DF3F0 /* UI09_属性传值_晚作业 */ = {
			isa = PBXNativeTarget;
			buildConfigurationList = 49E0C45F1C2AA1E0001DF3F0 /* Build configuration list for PBXNativeTarget "UI09_属性传值_晚作业" */;
			buildPhases = (
				49E0C42E1C2AA1DF001DF3F0 /* Sources */,
				49E0C42F1C2AA1DF001DF3F0 /* Frameworks */,
				49E0C4301C2AA1DF001DF3F0 /* Resources */,
			);
			buildRules = (
			);
			dependencies = (
			);
			name = "UI09_属性传值_晚作业";
			productName = "UI09_属性传值_晚作业";
			productReference = 49E0C4321C2AA1DF001DF3F0 /* UI09_属性传值_晚作业.app */;
			productType = "com.apple.product-type.application";
		};
		49E0C44A1C2AA1E0001DF3F0 /* UI09_属性传值_晚作业Tests */ = {
			isa = PBXNativeTarget;
			buildConfigurationList = 49E0C4621C2AA1E0001DF3F0 /* Build configuration list for PBXNativeTarget "UI09_属性传值_晚作业Tests" */;
			buildPhases = (
				49E0C4471C2AA1E0001DF3F0 /* Sources */,
				49E0C4481C2AA1E0001DF3F0 /* Frameworks */,
				49E0C4491C2AA1E0001DF3F0 /* Resources */,
			);
			buildRules = (
			);
			dependencies = (
				49E0C44D1C2AA1E0001DF3F0 /* PBXTargetDependency */,
			);
			name = "UI09_属性传值_晚作业Tests";
			productName = "UI09_属性传值_晚作业Tests";
			productReference = 49E0C44B1C2AA1E0001DF3F0 /* UI09_属性传值_晚作业Tests.xctest */;
			productType = "com.apple.product-type.bundle.unit-test";
		};
		49E0C4551C2AA1E0001DF3F0 /* UI09_属性传值_晚作业UITests */ = {
			isa = PBXNativeTarget;
			buildConfigurationList = 49E0C4651C2AA1E0001DF3F0 /* Build configuration list for PBXNativeTarget "UI09_属性传值_晚作业UITests" */;
			buildPhases = (
				49E0C4521C2AA1E0001DF3F0 /* Sources */,
				49E0C4531C2AA1E0001DF3F0 /* Frameworks */,
				49E0C4541C2AA1E0001DF3F0 /* Resources */,
			);
			buildRules = (
			);
			dependencies = (
				49E0C4581C2AA1E0001DF3F0 /* PBXTargetDependency */,
			);
			name = "UI09_属性传值_晚作业UITests";
			productName = "UI09_属性传值_晚作业UITests";
			productReference = 49E0C4561C2AA1E0001DF3F0 /* UI09_属性传值_晚作业UITests.xctest */;
			productType = "com.apple.product-type.bundle.ui-testing";
		};
/* End PBXNativeTarget section */

/* Begin PBXProject section */
		49E0C42A1C2AA1DF001DF3F0 /* Project object */ = {
			isa = PBXProject;
			attributes = {
				LastUpgradeCheck = 0710;
				ORGANIZATIONNAME = "doll-61";
				TargetAttributes = {
					49E0C4311C2AA1DF001DF3F0 = {
						CreatedOnToolsVersion = 7.1;
					};
					49E0C44A1C2AA1E0001DF3F0 = {
						CreatedOnToolsVersion = 7.1;
						TestTargetID = 49E0C4311C2AA1DF001DF3F0;
					};
					49E0C4551C2AA1E0001DF3F0 = {
						CreatedOnToolsVersion = 7.1;
						TestTargetID = 49E0C4311C2AA1DF001DF3F0;
					};
				};
			};
			buildConfigurationList = 49E0C42D1C2AA1DF001DF3F0 /* Build configuration list for PBXProject "UI09_属性传值_晚作业" */;
			compatibilityVersion = "Xcode 3.2";
			developmentRegion = English;
			hasScannedForEncodings = 0;
			knownRegions = (
				en,
				Base,
			);
			mainGroup = 49E0C4291C2AA1DF001DF3F0;
			productRefGroup = 49E0C4331C2AA1DF001DF3F0 /* Products */;
			projectDirPath = "";
			projectRoot = "";
			targets = (
				49E0C4311C2AA1DF001DF3F0 /* UI09_属性传值_晚作业 */,
				49E0C44A1C2AA1E0001DF3F0 /* UI09_属性传值_晚作业Tests */,
				49E0C4551C2AA1E0001DF3F0 /* UI09_属性传值_晚作业UITests */,
			);
		};
/* End PBXProject section */

/* Begin PBXResourcesBuildPhase section */
		49E0C4301C2AA1DF001DF3F0 /* Resources */ = {
			isa = PBXResourcesBuildPhase;
			buildActionMask = 2147483647;
			files = (
				49E0C4451C2AA1DF001DF3F0 /* LaunchScreen.storyboard in Resources */,
				49E0C4421C2AA1DF001DF3F0 /* Assets.xcassets in Resources */,
				49E0C4401C2AA1DF001DF3F0 /* Main.storyboard in Resources */,
			);
			runOnlyForDeploymentPostprocessing = 0;
		};
		49E0C4491C2AA1E0001DF3F0 /* Resources */ = {
			isa = PBXResourcesBuildPhase;
			buildActionMask = 2147483647;
			files = (
			);
			runOnlyForDeploymentPostprocessing = 0;
		};
		49E0C4541C2AA1E0001DF3F0 /* Resources */ = {
			isa = PBXResourcesBuildPhase;
			buildActionMask = 2147483647;
			files = (
			);
			runOnlyForDeploymentPostprocessing = 0;
		};
/* End PBXResourcesBuildPhase section */

/* Begin PBXSourcesBuildPhase section */
		49E0C42E1C2AA1DF001DF3F0 /* Sources */ = {
			isa = PBXSourcesBuildPhase;
			buildActionMask = 2147483647;
			files = (
				49E0C43D1C2AA1DF001DF3F0 /* ViewController.m in Sources */,
				49E0C46C1C2AA22E001DF3F0 /* SecondController.m in Sources */,
				49E0C43A1C2AA1DF001DF3F0 /* AppDelegate.m in Sources */,
				49E0C4371C2AA1DF001DF3F0 /* main.m in Sources */,
			);
			runOnlyForDeploymentPostprocessing = 0;
		};
		49E0C4471C2AA1E0001DF3F0 /* Sources */ = {
			isa = PBXSourcesBuildPhase;
			buildActionMask = 2147483647;
			files = (
				49E0C4501C2AA1E0001DF3F0 /* UI09_________Tests.m in Sources */,
			);
			runOnlyForDeploymentPostprocessing = 0;
		};
		49E0C4521C2AA1E0001DF3F0 /* Sources */ = {
			isa = PBXSourcesBuildPhase;
			buildActionMask = 2147483647;
			files = (
				49E0C45B1C2AA1E0001DF3F0 /* UI09_________UITests.m in Sources */,
			);
			runOnlyForDeploymentPostprocessing = 0;
		};
/* End PBXSourcesBuildPhase section */

/* Begin PBXTargetDependency section */
		49E0C44D1C2AA1E0001DF3F0 /* PBXTargetDependency */ = {
			isa = PBXTargetDependency;
			target = 49E0C4311C2AA1DF001DF3F0 /* UI09_属性传值_晚作业 */;
			targetProxy = 49E0C44C1C2AA1E0001DF3F0 /* PBXContainerItemProxy */;
		};
		49E0C4581C2AA1E0001DF3F0 /* PBXTargetDependency */ = {
			isa = PBXTargetDependency;
			target = 49E0C4311C2AA1DF001DF3F0 /* UI09_属性传值_晚作业 */;
			targetProxy = 49E0C4571C2AA1E0001DF3F0 /* PBXContainerItemProxy */;
		};
/* End PBXTargetDependency section */

/* Begin PBXVariantGroup section */
		49E0C43E1C2AA1DF001DF3F0 /* Main.storyboard */ = {
			isa = PBXVariantGroup;
			children = (
				49E0C43F1C2AA1DF001DF3F0 /* Base */,
			);
			name = Main.storyboard;
			sourceTree = "<group>";
		};
		49E0C4431C2AA1DF001DF3F0 /* LaunchScreen.storyboard */ = {
			isa = PBXVariantGroup;
			children = (
				49E0C4441C2AA1DF001DF3F0 /* Base */,
			);
			name = LaunchScreen.storyboard;
			sourceTree = "<group>";
		};
/* End PBXVariantGroup section */

/* Begin XCBuildConfiguration section */
		49E0C45D1C2AA1E0001DF3F0 /* Debug */ = {
			isa = XCBuildConfiguration;
			buildSettings = {
				ALWAYS_SEARCH_USER_PATHS = NO;
				CLANG_CXX_LANGUAGE_STANDARD = "gnu++0x";
				CLANG_CXX_LIBRARY = "libc++";
				CLANG_ENABLE_MODULES = YES;
				CLANG_ENABLE_OBJC_ARC = YES;
				CLANG_WARN_BOOL_CONVERSION = YES;
				CLANG_WARN_CONSTANT_CONVERSION = YES;
				CLANG_WARN_DIRECT_OBJC_ISA_USAGE = YES_ERROR;
				CLANG_WARN_EMPTY_BODY = YES;
				CLANG_WARN_ENUM_CONVERSION = YES;
				CLANG_WARN_INT_CONVERSION = YES;
				CLANG_WARN_OBJC_ROOT_CLASS = YES_ERROR;
				CLANG_WARN_UNREACHABLE_CODE = YES;
				CLANG_WARN__DUPLICATE_METHOD_MATCH = YES;
				"CODE_SIGN_IDENTITY[sdk=iphoneos*]" = "iPhone Developer";
				COPY_PHASE_STRIP = NO;
				DEBUG_INFORMATION_FORMAT = dwarf;
				ENABLE_STRICT_OBJC_MSGSEND = YES;
				ENABLE_TESTABILITY = YES;
				GCC_C_LANGUAGE_STANDARD = gnu99;
				GCC_DYNAMIC_NO_PIC = NO;
				GCC_NO_COMMON_BLOCKS = YES;
				GCC_OPTIMIZATION_LEVEL = 0;
				GCC_PREPROCESSOR_DEFINITIONS = (
					"DEBUG=1",
					"$(inherited)",
				);
				GCC_WARN_64_TO_32_BIT_CONVERSION = YES;
				GCC_WARN_ABOUT_RETURN_TYPE = YES_ERROR;
				GCC_WARN_UNDECLARED_SELECTOR = YES;
				GCC_WARN_UNINITIALIZED_AUTOS = YES_AGGRESSIVE;
				GCC_WARN_UNUSED_FUNCTION = YES;
				GCC_WARN_UNUSED_VARIABLE = YES;
				IPHONEOS_DEPLOYMENT_TARGET = 9.1;
				MTL_ENABLE_DEBUG_INFO = YES;
				ONLY_ACTIVE_ARCH = YES;
				SDKROOT = iphoneos;
			};
			name = Debug;
		};
		49E0C45E1C2AA1E0001DF3F0 /* Release */ = {
			isa = XCBuildConfiguration;
			buildSettings = {
				ALWAYS_SEARCH_USER_PATHS = NO;
				CLANG_CXX_LANGUAGE_STANDARD = "gnu++0x";
				CLANG_CXX_LIBRARY = "libc++";
				CLANG_ENABLE_MODULES = YES;
				CLANG_ENABLE_OBJC_ARC = YES;
				CLANG_WARN_BOOL_CONVERSION = YES;
				CLANG_WARN_CONSTANT_CONVERSION = YES;
				CLANG_WARN_DIRECT_OBJC_ISA_USAGE = YES_ERROR;
				CLANG_WARN_EMPTY_BODY = YES;
				CLANG_WARN_ENUM_CONVERSION = YES;
				CLANG_WARN_INT_CONVERSION = YES;
				CLANG_WARN_OBJC_ROOT_CLASS = YES_ERROR;
				CLANG_WARN_UNREACHABLE_CODE = YES;
				CLANG_WARN__DUPLICATE_METHOD_MATCH = YES;
				"CODE_SIGN_IDENTITY[sdk=iphoneos*]" = "iPhone Developer";
				COPY_PHASE_STRIP = NO;
				DEBUG_INFORMATION_FORMAT = "dwarf-with-dsym";
				ENABLE_NS_ASSERTIONS = NO;
				ENABLE_STRICT_OBJC_MSGSEND = YES;
				GCC_C_LANGUAGE_STANDARD = gnu99;
				GCC_NO_COMMON_BLOCKS = YES;
				GCC_WARN_64_TO_32_BIT_CONVERSION = YES;
				GCC_WARN_ABOUT_RETURN_TYPE = YES_ERROR;
				GCC_WARN_UNDECLARED_SELECTOR = YES;
				GCC_WARN_UNINITIALIZED_AUTOS = YES_AGGRESSIVE;
				GCC_WARN_UNUSED_FUNCTION = YES;
				GCC_WARN_UNUSED_VARIABLE = YES;
				IPHONEOS_DEPLOYMENT_TARGET = 9.1;
				MTL_ENABLE_DEBUG_INFO = NO;
				SDKROOT = iphoneos;
				VALIDATE_PRODUCT = YES;
			};
			name = Release;
		};
		49E0C4601C2AA1E0001DF3F0 /* Debug */ = {
			isa = XCBuildConfiguration;
			buildSettings = {
				ASSETCATALOG_COMPILER_APPICON_NAME = AppIcon;
				CLANG_ENABLE_OBJC_ARC = NO;
				INFOPLIST_FILE = "UI09_属性传值_晚作业/Info.plist";
				LD_RUNPATH_SEARCH_PATHS = "$(inherited) @executable_path/Frameworks";
				PRODUCT_BUNDLE_IDENTIFIER = "com.lanou3g.UI09---------";
				PRODUCT_NAME = "$(TARGET_NAME)";
			};
			name = Debug;
		};
		49E0C4611C2AA1E0001DF3F0 /* Release */ = {
			isa = XCBuildConfiguration;
			buildSettings = {
				ASSETCATALOG_COMPILER_APPICON_NAME = AppIcon;
				CLANG_ENABLE_OBJC_ARC = NO;
				INFOPLIST_FILE = "UI09_属性传值_晚作业/Info.plist";
				LD_RUNPATH_SEARCH_PATHS = "$(inherited) @executable_path/Frameworks";
				PRODUCT_BUNDLE_IDENTIFIER = "com.lanou3g.UI09---------";
				PRODUCT_NAME = "$(TARGET_NAME)";
			};
			name = Release;
		};
		49E0C4631C2AA1E0001DF3F0 /* Debug */ = {
			isa = XCBuildConfiguration;
			buildSettings = {
				BUNDLE_LOADER = "$(TEST_HOST)";
				INFOPLIST_FILE = "UI09_属性传值_晚作业Tests/Info.plist";
				LD_RUNPATH_SEARCH_PATHS = "$(inherited) @executable_path/Frameworks @loader_path/Frameworks";
				PRODUCT_BUNDLE_IDENTIFIER = "com.lanou3g.UI09---------Tests";
				PRODUCT_NAME = "$(TARGET_NAME)";
				TEST_HOST = "$(BUILT_PRODUCTS_DIR)/UI09_属性传值_晚作业.app/UI09_属性传值_晚作业";
			};
			name = Debug;
		};
		49E0C4641C2AA1E0001DF3F0 /* Release */ = {
			isa = XCBuildConfiguration;
			buildSettings = {
				BUNDLE_LOADER = "$(TEST_HOST)";
				INFOPLIST_FILE = "UI09_属性传值_晚作业Tests/Info.plist";
				LD_RUNPATH_SEARCH_PATHS = "$(inherited) @executable_path/Frameworks @loader_path/Frameworks";
				PRODUCT_BUNDLE_IDENTIFIER = "com.lanou3g.UI09---------Tests";
				PRODUCT_NAME = "$(TARGET_NAME)";
				TEST_HOST = "$(BUILT_PRODUCTS_DIR)/UI09_属性传值_晚作业.app/UI09_属性传值_晚作业";
			};
			name = Release;
		};
		49E0C4661C2AA1E0001DF3F0 /* Debug */ = {
			isa = XCBuildConfiguration;
			buildSettings = {
				INFOPLIST_FILE = "UI09_属性传值_晚作业UITests/Info.plist";
				LD_RUNPATH_SEARCH_PATHS = "$(inherited) @executable_path/Frameworks @loader_path/Frameworks";
				PRODUCT_BUNDLE_IDENTIFIER = "com.lanou3g.UI09---------UITests";
				PRODUCT_NAME = "$(TARGET_NAME)";
				TEST_TARGET_NAME = "UI09_属性传值_晚作业";
				USES_XCTRUNNER = YES;
			};
			name = Debug;
		};
		49E0C4671C2AA1E0001DF3F0 /* Release */ = {
			isa = XCBuildConfiguration;
			buildSettings = {
				INFOPLIST_FILE = "UI09_属性传值_晚作业UITests/Info.plist";
				LD_RUNPATH_SEARCH_PATHS = "$(inherited) @executable_path/Frameworks @loader_path/Frameworks";
				PRODUCT_BUNDLE_IDENTIFIER = "com.lanou3g.UI09---------UITests";
				PRODUCT_NAME = "$(TARGET_NAME)";
				TEST_TARGET_NAME = "UI09_属性传值_晚作业";
				USES_XCTRUNNER = YES;
			};
			name = Release;
		};
/* End XCBuildConfiguration section */

/* Begin XCConfigurationList section */
		49E0C42D1C2AA1DF001DF3F0 /* Build configuration list for PBXProject "UI09_属性传值_晚作业" */ = {
			isa = XCConfigurationList;
			buildConfigurations = (
				49E0C45D1C2AA1E0001DF3F0 /* Debug */,
				49E0C45E1C2AA1E0001DF3F0 /* Release */,
			);
			defaultConfigurationIsVisible = 0;
			defaultConfigurationName = Release;
		};
		49E0C45F1C2AA1E0001DF3F0 /* Build configuration list for PBXNativeTarget "UI09_属性传值_晚作业" */ = {
			isa = XCConfigurationList;
			buildConfigurations = (
				49E0C4601C2AA1E0001DF3F0 /* Debug */,
				49E0C4611C2AA1E0001DF3F0 /* Release */,
			);
			defaultConfigurationIsVisible = 0;
		};
		49E0C4621C2AA1E0001DF3F0 /* Build configuration list for PBXNativeTarget "UI09_属性传值_晚作业Tests" */ = {
			isa = XCConfigurationList;
			buildConfigurations = (
				49E0C4631C2AA1E0001DF3F0 /* Debug */,
				49E0C4641C2AA1E0001DF3F0 /* Release */,
			);
			defaultConfigurationIsVisible = 0;
		};
		49E0C4651C2AA1E0001DF3F0 /* Build configuration list for PBXNativeTarget "UI09_属性传值_晚作业UITests" */ = {
			isa = XCConfigurationList;
			buildConfigurations = (
				49E0C4661C2AA1E0001DF3F0 /* Debug */,
				49E0C4671C2AA1E0001DF3F0 /* Release */,
			);
			defaultConfigurationIsVisible = 0;
		};
/* End XCConfigurationList section */
	};
	rootObject = 49E0C42A1C2AA1DF001DF3F0 /* Project object */;
}
